
Microsoft Visual Studio Solution File, Format Version 12.00
# Visual Studio Version 16
VisualStudioVersion = 16.0.31410.357
MinimumVisualStudioVersion = 10.0.40219.1
Project("{FAE04EC0-301F-11D3-BF4B-00C04F79EFBC}") = "PC_Manager_Form", "PC_Manager_Form\PC_Manager_Form.csproj", "{ED82B773-9297-449D-8643-03246772C108}"
EndProject
Project("{FAE04EC0-301F-11D3-BF4B-00C04F79EFBC}") = "PC_Manager", "..\..\..\Desktop\PC套装预约销售系统\项目源码\PC_Manager\WebApplication1\PC_Manager.csproj", "{F6F6F10F-4406-4764-A213-08728D0EB28A}"
EndProject
Project("{FAE04EC0-301F-11D3-BF4B-00C04F79EFBC}") = "窗体", "..\..\..\Downloads\学生管理系统\窗体\窗体\窗体.csproj", "{A4B6253C-52A2-4139-A8F6-1BE36B127CE3}"
EndProject
Global
	GlobalSection(SolutionConfigurationPlatforms) = preSolution
		Debug|Any CPU = Debug|Any CPU
		Release|Any CPU = Release|Any CPU
	EndGlobalSection
	GlobalSection(ProjectConfigurationPlatforms) = postSolution
		{ED82B773-9297-449D-8643-03246772C108}.Debug|Any CPU.ActiveCfg = Debug|Any CPU
		{ED82B773-9297-449D-8643-03246772C108}.Debug|Any CPU.Build.0 = Debug|Any CPU
		{ED82B773-9297-449D-8643-03246772C108}.Release|Any CPU.ActiveCfg = Release|Any CPU
		{ED82B773-9297-449D-8643-03246772C108}.Release|Any CPU.Build.0 = Release|Any CPU
		{F6F6F10F-4406-4764-A213-08728D0EB28A}.Debug|Any CPU.ActiveCfg = Debug|Any CPU
		{F6F6F10F-4406-4764-A213-08728D0EB28A}.Debug|Any CPU.Build.0 = Debug|Any CPU
		{F6F6F10F-4406-4764-A213-08728D0EB28A}.Release|Any CPU.ActiveCfg = Release|Any CPU
		{F6F6F10F-4406-4764-A213-08728D0EB28A}.Release|Any CPU.Build.0 = Release|Any CPU
		{A4B6253C-52A2-4139-A8F6-1BE36B127CE3}.Debug|Any CPU.ActiveCfg = Debug|Any CPU
		{A4B6253C-52A2-4139-A8F6-1BE36B127CE3}.Debug|Any CPU.Build.0 = Debug|Any CPU
		{A4B6253C-52A2-4139-A8F6-1BE36B127CE3}.Release|Any CPU.ActiveCfg = Release|Any CPU
		{A4B6253C-52A2-4139-A8F6-1BE36B127CE3}.Release|Any CPU.Build.0 = Release|Any CPU
	EndGlobalSection
	GlobalSection(SolutionProperties) = preSolution
		HideSolutionNode = FALSE
	EndGlobalSection
	GlobalSection(ExtensibilityGlobals) = postSolution
		SolutionGuid = {131D03F3-B77B-4A8E-A600-88DFF13F4F21}
	EndGlobalSection
EndGlobal
